
Microsoft Visual Studio Solution File, Format Version 10.00
# Visual Studio 2008
Project("{FAE04EC0-301F-11D3-BF4B-00C04F79EFBC}") = "QuickCharts", "QuickCharts\QuickCharts.csproj", "{724CD76B-998A-49F1-BCB2-AAD9132E6D07}"
EndProject
Project("{FAE04EC0-301F-11D3-BF4B-00C04F79EFBC}") = "QuickChartsWPF", "QuickChartsWPF\QuickChartsWPF.csproj", "{6A7C16D6-B63C-4006-9F20-E9D6D4EBA09C}"
EndProject
Project("{FAE04EC0-301F-11D3-BF4B-00C04F79EFBC}") = "QuickChartsSL", "QuickChartsSL\QuickChartsSL.csproj", "{14CA26A9-E5D8-4E18-A058-F38B73AB98F3}"
EndProject
Project("{FAE04EC0-301F-11D3-BF4B-00C04F79EFBC}") = "QuickChartsSLApp", "QuickChartsSLApp\QuickChartsSLApp.csproj", "{755FCD57-7747-4310-992B-CE1387782306}"
EndProject
Project("{FAE04EC0-301F-11D3-BF4B-00C04F79EFBC}") = "QuickChartsWPFMetadata", "QuickChartsWPFMetadata\QuickChartsWPFMetadata.csproj", "{2448A67D-3625-4F92-BE11-86BC6B595F44}"
EndProject
Project("{FAE04EC0-301F-11D3-BF4B-00C04F79EFBC}") = "QuickChartsWPFMetadataBlend", "QuickChartsWPFMetadataBlend\QuickChartsWPFMetadataBlend.csproj", "{673CC934-2466-49BC-8D58-0023B7D06249}"
EndProject
Project("{FAE04EC0-301F-11D3-BF4B-00C04F79EFBC}") = "QuickChartsSLMetadataBlend", "QuickChartsSLMetadataBlend\QuickChartsSLMetadataBlend.csproj", "{D5E67404-C080-4F95-B75A-108A2053FB57}"
EndProject
Global
	GlobalSection(SolutionConfigurationPlatforms) = preSolution
		Debug|Any CPU = Debug|Any CPU
		Release|Any CPU = Release|Any CPU
	EndGlobalSection
	GlobalSection(ProjectConfigurationPlatforms) = postSolution
		{724CD76B-998A-49F1-BCB2-AAD9132E6D07}.Debug|Any CPU.ActiveCfg = Debug|Any CPU
		{724CD76B-998A-49F1-BCB2-AAD9132E6D07}.Debug|Any CPU.Build.0 = Debug|Any CPU
		{724CD76B-998A-49F1-BCB2-AAD9132E6D07}.Release|Any CPU.ActiveCfg = Release|Any CPU
		{724CD76B-998A-49F1-BCB2-AAD9132E6D07}.Release|Any CPU.Build.0 = Release|Any CPU
		{6A7C16D6-B63C-4006-9F20-E9D6D4EBA09C}.Debug|Any CPU.ActiveCfg = Debug|Any CPU
		{6A7C16D6-B63C-4006-9F20-E9D6D4EBA09C}.Debug|Any CPU.Build.0 = Debug|Any CPU
		{6A7C16D6-B63C-4006-9F20-E9D6D4EBA09C}.Release|Any CPU.ActiveCfg = Release|Any CPU
		{6A7C16D6-B63C-4006-9F20-E9D6D4EBA09C}.Release|Any CPU.Build.0 = Release|Any CPU
		{14CA26A9-E5D8-4E18-A058-F38B73AB98F3}.Debug|Any CPU.ActiveCfg = Debug|Any CPU
		{14CA26A9-E5D8-4E18-A058-F38B73AB98F3}.Debug|Any CPU.Build.0 = Debug|Any CPU
		{14CA26A9-E5D8-4E18-A058-F38B73AB98F3}.Release|Any CPU.ActiveCfg = Release|Any CPU
		{14CA26A9-E5D8-4E18-A058-F38B73AB98F3}.Release|Any CPU.Build.0 = Release|Any CPU
		{755FCD57-7747-4310-992B-CE1387782306}.Debug|Any CPU.ActiveCfg = Debug|Any CPU
		{755FCD57-7747-4310-992B-CE1387782306}.Debug|Any CPU.Build.0 = Debug|Any CPU
		{755FCD57-7747-4310-992B-CE1387782306}.Release|Any CPU.ActiveCfg = Release|Any CPU
		{755FCD57-7747-4310-992B-CE1387782306}.Release|Any CPU.Build.0 = Release|Any CPU
		{2448A67D-3625-4F92-BE11-86BC6B595F44}.Debug|Any CPU.ActiveCfg = Debug|Any CPU
		{2448A67D-3625-4F92-BE11-86BC6B595F44}.Debug|Any CPU.Build.0 = Debug|Any CPU
		{2448A67D-3625-4F92-BE11-86BC6B595F44}.Release|Any CPU.ActiveCfg = Release|Any CPU
		{2448A67D-3625-4F92-BE11-86BC6B595F44}.Release|Any CPU.Build.0 = Release|Any CPU
		{673CC934-2466-49BC-8D58-0023B7D06249}.Debug|Any CPU.ActiveCfg = Debug|Any CPU
		{673CC934-2466-49BC-8D58-0023B7D06249}.Debug|Any CPU.Build.0 = Debug|Any CPU
		{673CC934-2466-49BC-8D58-0023B7D06249}.Release|Any CPU.ActiveCfg = Release|Any CPU
		{673CC934-2466-49BC-8D58-0023B7D06249}.Release|Any CPU.Build.0 = Release|Any CPU
		{D5E67404-C080-4F95-B75A-108A2053FB57}.Debug|Any CPU.ActiveCfg = Debug|Any CPU
		{D5E67404-C080-4F95-B75A-108A2053FB57}.Debug|Any CPU.Build.0 = Debug|Any CPU
		{D5E67404-C080-4F95-B75A-108A2053FB57}.Release|Any CPU.ActiveCfg = Release|Any CPU
		{D5E67404-C080-4F95-B75A-108A2053FB57}.Release|Any CPU.Build.0 = Release|Any CPU
	EndGlobalSection
	GlobalSection(SolutionProperties) = preSolution
		HideSolutionNode = FALSE
	EndGlobalSection
EndGlobal
